
Microsoft Visual Studio Solution File, Format Version 12.00
# Visual Studio Version 17
VisualStudioVersion = 17.9.34714.143
MinimumVisualStudioVersion = 10.0.40219.1
Project("{FAE04EC0-301F-11D3-BF4B-00C04F79EFBC}") = "DotNetRestClientApp", "DotNetRestClientApp.csproj", "{FC711031-00BC-4B39-8751-ED64CB7F41C3}"
EndProject
Global
	GlobalSection(SolutionConfigurationPlatforms) = preSolution
		Debug|Any CPU = Debug|Any CPU
		Release|Any CPU = Release|Any CPU
	EndGlobalSection
	GlobalSection(ProjectConfigurationPlatforms) = postSolution
		{FC711031-00BC-4B39-8751-ED64CB7F41C3}.Debug|Any CPU.ActiveCfg = Debug|Any CPU
		{FC711031-00BC-4B39-8751-ED64CB7F41C3}.Debug|Any CPU.Build.0 = Debug|Any CPU
		{FC711031-00BC-4B39-8751-ED64CB7F41C3}.Release|Any CPU.ActiveCfg = Release|Any CPU
		{FC711031-00BC-4B39-8751-ED64CB7F41C3}.Release|Any CPU.Build.0 = Release|Any CPU
	EndGlobalSection
	GlobalSection(SolutionProperties) = preSolution
		HideSolutionNode = FALSE
	EndGlobalSection
	GlobalSection(ExtensibilityGlobals) = postSolution
		SolutionGuid = {C7770F35-BB17-45DE-B42A-DA13A62F59D0}
	EndGlobalSection
EndGlobal
